
Microsoft Visual Studio Solution File, Format Version 12.00
# Visual Studio Version 17
VisualStudioVersion = 17.5.002.0
MinimumVisualStudioVersion = 10.0.40219.1
Project("{9A19103F-16F7-4668-BE54-9A1E7A4F7556}") = "StudentManagementSystem", "StudentManagementSystem.csproj", "{DE7965C7-2D32-4041-B202-5C9A0602E33A}"
EndProject
Global
	GlobalSection(SolutionConfigurationPlatforms) = preSolution
		Debug|Any CPU = Debug|Any CPU
		Release|Any CPU = Release|Any CPU
	EndGlobalSection
	GlobalSection(ProjectConfigurationPlatforms) = postSolution
		{DE7965C7-2D32-4041-B202-5C9A0602E33A}.Debug|Any CPU.ActiveCfg = Debug|Any CPU
		{DE7965C7-2D32-4041-B202-5C9A0602E33A}.Debug|Any CPU.Build.0 = Debug|Any CPU
		{DE7965C7-2D32-4041-B202-5C9A0602E33A}.Release|Any CPU.ActiveCfg = Release|Any CPU
		{DE7965C7-2D32-4041-B202-5C9A0602E33A}.Release|Any CPU.Build.0 = Release|Any CPU
	EndGlobalSection
	GlobalSection(SolutionProperties) = preSolution
		HideSolutionNode = FALSE
	EndGlobalSection
	GlobalSection(ExtensibilityGlobals) = postSolution
		SolutionGuid = {BFFD83F0-347A-473C-8FE1-77BB95E35707}
	EndGlobalSection
EndGlobal
