
Microsoft Visual Studio Solution File, Format Version 12.00
# Visual Studio Version 17
VisualStudioVersion = 17.5.002.0
MinimumVisualStudioVersion = 10.0.40219.1
Project("{9A19103F-16F7-4668-BE54-9A1E7A4F7556}") = "Consoleapp", "Consoleapp.csproj", "{87927445-0989-4B16-814D-858E68F3BF1B}"
EndProject
Global
	GlobalSection(SolutionConfigurationPlatforms) = preSolution
		Debug|Any CPU = Debug|Any CPU
		Release|Any CPU = Release|Any CPU
	EndGlobalSection
	GlobalSection(ProjectConfigurationPlatforms) = postSolution
		{87927445-0989-4B16-814D-858E68F3BF1B}.Debug|Any CPU.ActiveCfg = Debug|Any CPU
		{87927445-0989-4B16-814D-858E68F3BF1B}.Debug|Any CPU.Build.0 = Debug|Any CPU
		{87927445-0989-4B16-814D-858E68F3BF1B}.Release|Any CPU.ActiveCfg = Release|Any CPU
		{87927445-0989-4B16-814D-858E68F3BF1B}.Release|Any CPU.Build.0 = Release|Any CPU
	EndGlobalSection
	GlobalSection(SolutionProperties) = preSolution
		HideSolutionNode = FALSE
	EndGlobalSection
	GlobalSection(ExtensibilityGlobals) = postSolution
		SolutionGuid = {0470D0E0-ED9A-4729-8DFF-013956F4D1DD}
	EndGlobalSection
EndGlobal
